// !$*UTF8*$!
{
	archiveVersion = 1;
	classes = {
	};
	objectVersion = 56;
	objects = {

/* Begin PBXBuildFile section */
		324F1ECB2B314D8D0001AC0C /* UserService.swift in Sources */ = {isa = PBXBuildFile; fileRef = 324F1ECA2B314D8D0001AC0C /* UserService.swift */; };
		324F1ECD2B314DB20001AC0C /* StringStorage.swift in Sources */ = {isa = PBXBuildFile; fileRef = 324F1ECC2B314DB20001AC0C /* StringStorage.swift */; };
		324F1ECF2B314E030001AC0C /* NameEntryView.swift in Sources */ = {isa = PBXBuildFile; fileRef = 324F1ECE2B314E030001AC0C /* NameEntryView.swift */; };
		324F1ED22B3150480001AC0C /* NoteView.swift in Sources */ = {isa = PBXBuildFile; fileRef = 324F1ED12B3150480001AC0C /* NoteView.swift */; };
		324F1ED72B3156810001AC0C /* AnyObservableObject.swift in Sources */ = {isa = PBXBuildFile; fileRef = 324F1ED62B3156810001AC0C /* AnyObservableObject.swift */; };
		32756FE62B24C042006BDD24 /* ExampleApp.swift in Sources */ = {isa = PBXBuildFile; fileRef = 32756FE52B24C042006BDD24 /* ExampleApp.swift */; };
		32756FEA2B24C044006BDD24 /* Assets.xcassets in Resources */ = {isa = PBXBuildFile; fileRef = 32756FE92B24C044006BDD24 /* Assets.xcassets */; };
		32756FEE2B24C044006BDD24 /* Preview Assets.xcassets in Resources */ = {isa = PBXBuildFile; fileRef = 32756FED2B24C044006BDD24 /* Preview Assets.xcassets */; };
		32B280A32B28176D00A33FED /* SafeDI in Frameworks */ = {isa = PBXBuildFile; productRef = 32B280A22B28176D00A33FED /* SafeDI */; };
/* End PBXBuildFile section */

/* Begin PBXFileReference section */
		324F1ECA2B314D8D0001AC0C /* UserService.swift */ = {isa = PBXFileReference; lastKnownFileType = sourcecode.swift; path = UserService.swift; sourceTree = "<group>"; };
		324F1ECC2B314DB20001AC0C /* StringStorage.swift */ = {isa = PBXFileReference; lastKnownFileType = sourcecode.swift; path = StringStorage.swift; sourceTree = "<group>"; };
		324F1ECE2B314E030001AC0C /* NameEntryView.swift */ = {isa = PBXFileReference; lastKnownFileType = sourcecode.swift; path = NameEntryView.swift; sourceTree = "<group>"; };
		324F1ED12B3150480001AC0C /* NoteView.swift */ = {isa = PBXFileReference; lastKnownFileType = sourcecode.swift; path = NoteView.swift; sourceTree = "<group>"; };
		324F1ED62B3156810001AC0C /* AnyObservableObject.swift */ = {isa = PBXFileReference; lastKnownFileType = sourcecode.swift; path = AnyObservableObject.swift; sourceTree = "<group>"; };
		32756FE22B24C042006BDD24 /* ExampleProjectIntegration.app */ = {isa = PBXFileReference; explicitFileType = wrapper.application; includeInIndex = 0; path = ExampleProjectIntegration.app; sourceTree = BUILT_PRODUCTS_DIR; };
		32756FE52B24C042006BDD24 /* ExampleApp.swift */ = {isa = PBXFileReference; lastKnownFileType = sourcecode.swift; path = ExampleApp.swift; sourceTree = "<group>"; };
		32756FE92B24C044006BDD24 /* Assets.xcassets */ = {isa = PBXFileReference; lastKnownFileType = folder.assetcatalog; path = Assets.xcassets; sourceTree = "<group>"; };
		32756FEB2B24C044006BDD24 /* ExampleProjectIntegration.entitlements */ = {isa = PBXFileReference; lastKnownFileType = text.plist.entitlements; path = ExampleProjectIntegration.entitlements; sourceTree = "<group>"; };
		32756FED2B24C044006BDD24 /* Preview Assets.xcassets */ = {isa = PBXFileReference; lastKnownFileType = folder.assetcatalog; path = "Preview Assets.xcassets"; sourceTree = "<group>"; };
/* End PBXFileReference section */

/* Begin PBXFrameworksBuildPhase section */
		32756FDF2B24C042006BDD24 /* Frameworks */ = {
			isa = PBXFrameworksBuildPhase;
			buildActionMask = 2147483647;
			files = (
				32B280A32B28176D00A33FED /* SafeDI in Frameworks */,
			);
			runOnlyForDeploymentPostprocessing = 0;
		};
/* End PBXFrameworksBuildPhase section */

/* Begin PBXGroup section */
		324F1EDA2B315AB20001AC0C /* Views */ = {
			isa = PBXGroup;
			children = (
				32756FE52B24C042006BDD24 /* ExampleApp.swift */,
				324F1ECE2B314E030001AC0C /* NameEntryView.swift */,
				324F1ED12B3150480001AC0C /* NoteView.swift */,
			);
			path = Views;
			sourceTree = "<group>";
		};
		324F1EDC2B315ABB0001AC0C /* Models */ = {
			isa = PBXGroup;
			children = (
				324F1ECA2B314D8D0001AC0C /* UserService.swift */,
				324F1ECC2B314DB20001AC0C /* StringStorage.swift */,
				324F1ED62B3156810001AC0C /* AnyObservableObject.swift */,
			);
			path = Models;
			sourceTree = "<group>";
		};
		32756FD92B24C042006BDD24 = {
			isa = PBXGroup;
			children = (
				32756FE42B24C042006BDD24 /* ExampleProjectIntegration */,
				32756FE32B24C042006BDD24 /* Products */,
				32B280A12B28176D00A33FED /* Frameworks */,
			);
			sourceTree = "<group>";
		};
		32756FE32B24C042006BDD24 /* Products */ = {
			isa = PBXGroup;
			children = (
				32756FE22B24C042006BDD24 /* ExampleProjectIntegration.app */,
			);
			name = Products;
			sourceTree = "<group>";
		};
		32756FE42B24C042006BDD24 /* ExampleProjectIntegration */ = {
			isa = PBXGroup;
			children = (
				324F1EDA2B315AB20001AC0C /* Views */,
				324F1EDC2B315ABB0001AC0C /* Models */,
				32756FE92B24C044006BDD24 /* Assets.xcassets */,
				32756FEB2B24C044006BDD24 /* ExampleProjectIntegration.entitlements */,
				32756FEC2B24C044006BDD24 /* Preview Content */,
			);
			path = ExampleProjectIntegration;
			sourceTree = "<group>";
		};
		32756FEC2B24C044006BDD24 /* Preview Content */ = {
			isa = PBXGroup;
			children = (
				32756FED2B24C044006BDD24 /* Preview Assets.xcassets */,
			);
			path = "Preview Content";
			sourceTree = "<group>";
		};
		32B280A12B28176D00A33FED /* Frameworks */ = {
			isa = PBXGroup;
			children = (
			);
			name = Frameworks;
			sourceTree = "<group>";
		};
/* End PBXGroup section */

/* Begin PBXNativeTarget section */
		32756FE12B24C042006BDD24 /* ExampleProjectIntegration */ = {
			isa = PBXNativeTarget;
			buildConfigurationList = 32756FF12B24C044006BDD24 /* Build configuration list for PBXNativeTarget "ExampleProjectIntegration" */;
			buildPhases = (
				32756FDE2B24C042006BDD24 /* Sources */,
				32756FDF2B24C042006BDD24 /* Frameworks */,
				32756FE02B24C042006BDD24 /* Resources */,
			);
			buildRules = (
			);
			dependencies = (
				321042552B2533F30088785D /* PBXTargetDependency */,
			);
			name = ExampleProjectIntegration;
			packageProductDependencies = (
				32B280A22B28176D00A33FED /* SafeDI */,
			);
			productName = ExampleProjectIntegration;
			productReference = 32756FE22B24C042006BDD24 /* ExampleProjectIntegration.app */;
			productType = "com.apple.product-type.application";
		};
/* End PBXNativeTarget section */

/* Begin PBXProject section */
		32756FDA2B24C042006BDD24 /* Project object */ = {
			isa = PBXProject;
			attributes = {
				BuildIndependentTargetsInParallel = 1;
				LastSwiftUpdateCheck = 1500;
				LastUpgradeCheck = 1510;
				TargetAttributes = {
					32756FE12B24C042006BDD24 = {
						CreatedOnToolsVersion = 15.0.1;
					};
				};
			};
			buildConfigurationList = 32756FDD2B24C042006BDD24 /* Build configuration list for PBXProject "ExampleProjectIntegration" */;
			compatibilityVersion = "Xcode 14.0";
			developmentRegion = en;
			hasScannedForEncodings = 0;
			knownRegions = (
				en,
				Base,
			);
			mainGroup = 32756FD92B24C042006BDD24;
			packageReferences = (
				321042512B2533ED0088785D /* XCRemoteSwiftPackageReference "SafeDI" */,
			);
			productRefGroup = 32756FE32B24C042006BDD24 /* Products */;
			projectDirPath = "";
			projectRoot = "";
			targets = (
				32756FE12B24C042006BDD24 /* ExampleProjectIntegration */,
			);
		};
/* End PBXProject section */

/* Begin PBXResourcesBuildPhase section */
		32756FE02B24C042006BDD24 /* Resources */ = {
			isa = PBXResourcesBuildPhase;
			buildActionMask = 2147483647;
			files = (
				32756FEE2B24C044006BDD24 /* Preview Assets.xcassets in Resources */,
				32756FEA2B24C044006BDD24 /* Assets.xcassets in Resources */,
			);
			runOnlyForDeploymentPostprocessing = 0;
		};
/* End PBXResourcesBuildPhase section */

/* Begin PBXSourcesBuildPhase section */
		32756FDE2B24C042006BDD24 /* Sources */ = {
			isa = PBXSourcesBuildPhase;
			buildActionMask = 2147483647;
			files = (
				324F1ECF2B314E030001AC0C /* NameEntryView.swift in Sources */,
				324F1ED22B3150480001AC0C /* NoteView.swift in Sources */,
				32756FE62B24C042006BDD24 /* ExampleApp.swift in Sources */,
				324F1ECD2B314DB20001AC0C /* StringStorage.swift in Sources */,
				324F1ECB2B314D8D0001AC0C /* UserService.swift in Sources */,
				324F1ED72B3156810001AC0C /* AnyObservableObject.swift in Sources */,
			);
			runOnlyForDeploymentPostprocessing = 0;
		};
/* End PBXSourcesBuildPhase section */

/* Begin PBXTargetDependency section */
		321042552B2533F30088785D /* PBXTargetDependency */ = {
			isa = PBXTargetDependency;
			productRef = 321042542B2533F30088785D /* SafeDIGenerator */;
		};
/* End PBXTargetDependency section */

/* Begin XCBuildConfiguration section */
		32756FEF2B24C044006BDD24 /* Debug */ = {
			isa = XCBuildConfiguration;
			buildSettings = {
				ALWAYS_SEARCH_USER_PATHS = NO;
				ASSETCATALOG_COMPILER_GENERATE_SWIFT_ASSET_SYMBOL_EXTENSIONS = YES;
				CLANG_ANALYZER_NONNULL = YES;
				CLANG_ANALYZER_NUMBER_OBJECT_CONVERSION = YES_AGGRESSIVE;
				CLANG_CXX_LANGUAGE_STANDARD = "gnu++20";
				CLANG_ENABLE_MODULES = YES;
				CLANG_ENABLE_OBJC_ARC = YES;
				CLANG_ENABLE_OBJC_WEAK = YES;
				CLANG_WARN_BLOCK_CAPTURE_AUTORELEASING = YES;
				CLANG_WARN_BOOL_CONVERSION = YES;
				CLANG_WARN_COMMA = YES;
				CLANG_WARN_CONSTANT_CONVERSION = YES;
				CLANG_WARN_DEPRECATED_OBJC_IMPLEMENTATIONS = YES;
				CLANG_WARN_DIRECT_OBJC_ISA_USAGE = YES_ERROR;
				CLANG_WARN_DOCUMENTATION_COMMENTS = YES;
				CLANG_WARN_EMPTY_BODY = YES;
				CLANG_WARN_ENUM_CONVERSION = YES;
				CLANG_WARN_INFINITE_RECURSION = YES;
				CLANG_WARN_INT_CONVERSION = YES;
				CLANG_WARN_NON_LITERAL_NULL_CONVERSION = YES;
				CLANG_WARN_OBJC_IMPLICIT_RETAIN_SELF = YES;
				CLANG_WARN_OBJC_LITERAL_CONVERSION = YES;
				CLANG_WARN_OBJC_ROOT_CLASS = YES_ERROR;
				CLANG_WARN_QUOTED_INCLUDE_IN_FRAMEWORK_HEADER = YES;
				CLANG_WARN_RANGE_LOOP_ANALYSIS = YES;
				CLANG_WARN_STRICT_PROTOTYPES = YES;
				CLANG_WARN_SUSPICIOUS_MOVE = YES;
				CLANG_WARN_UNGUARDED_AVAILABILITY = YES_AGGRESSIVE;
				CLANG_WARN_UNREACHABLE_CODE = YES;
				CLANG_WARN__DUPLICATE_METHOD_MATCH = YES;
				COPY_PHASE_STRIP = NO;
				DEAD_CODE_STRIPPING = YES;
				DEBUG_INFORMATION_FORMAT = dwarf;
				ENABLE_STRICT_OBJC_MSGSEND = YES;
				ENABLE_TESTABILITY = YES;
				ENABLE_USER_SCRIPT_SANDBOXING = YES;
				GCC_C_LANGUAGE_STANDARD = gnu17;
				GCC_DYNAMIC_NO_PIC = NO;
				GCC_NO_COMMON_BLOCKS = YES;
				GCC_OPTIMIZATION_LEVEL = 0;
				GCC_PREPROCESSOR_DEFINITIONS = (
					"DEBUG=1",
					"$(inherited)",
				);
				GCC_WARN_64_TO_32_BIT_CONVERSION = YES;
				GCC_WARN_ABOUT_RETURN_TYPE = YES_ERROR;
				GCC_WARN_UNDECLARED_SELECTOR = YES;
				GCC_WARN_UNINITIALIZED_AUTOS = YES_AGGRESSIVE;
				GCC_WARN_UNUSED_FUNCTION = YES;
				GCC_WARN_UNUSED_VARIABLE = YES;
				LOCALIZATION_PREFERS_STRING_CATALOGS = YES;
				MTL_ENABLE_DEBUG_INFO = INCLUDE_SOURCE;
				MTL_FAST_MATH = YES;
				ONLY_ACTIVE_ARCH = YES;
				SWIFT_ACTIVE_COMPILATION_CONDITIONS = "DEBUG $(inherited)";
				SWIFT_OPTIMIZATION_LEVEL = "-Onone";
			};
			name = Debug;
		};
		32756FF02B24C044006BDD24 /* Release */ = {
			isa = XCBuildConfiguration;
			buildSettings = {
				ALWAYS_SEARCH_USER_PATHS = NO;
				ASSETCATALOG_COMPILER_GENERATE_SWIFT_ASSET_SYMBOL_EXTENSIONS = YES;
				CLANG_ANALYZER_NONNULL = YES;
				CLANG_ANALYZER_NUMBER_OBJECT_CONVERSION = YES_AGGRESSIVE;
				CLANG_CXX_LANGUAGE_STANDARD = "gnu++20";
				CLANG_ENABLE_MODULES = YES;
				CLANG_ENABLE_OBJC_ARC = YES;
				CLANG_ENABLE_OBJC_WEAK = YES;
				CLANG_WARN_BLOCK_CAPTURE_AUTORELEASING = YES;
				CLANG_WARN_BOOL_CONVERSION = YES;
				CLANG_WARN_COMMA = YES;
				CLANG_WARN_CONSTANT_CONVERSION = YES;
				CLANG_WARN_DEPRECATED_OBJC_IMPLEMENTATIONS = YES;
				CLANG_WARN_DIRECT_OBJC_ISA_USAGE = YES_ERROR;
				CLANG_WARN_DOCUMENTATION_COMMENTS = YES;
				CLANG_WARN_EMPTY_BODY = YES;
				CLANG_WARN_ENUM_CONVERSION = YES;
				CLANG_WARN_INFINITE_RECURSION = YES;
				CLANG_WARN_INT_CONVERSION = YES;
				CLANG_WARN_NON_LITERAL_NULL_CONVERSION = YES;
				CLANG_WARN_OBJC_IMPLICIT_RETAIN_SELF = YES;
				CLANG_WARN_OBJC_LITERAL_CONVERSION = YES;
				CLANG_WARN_OBJC_ROOT_CLASS = YES_ERROR;
				CLANG_WARN_QUOTED_INCLUDE_IN_FRAMEWORK_HEADER = YES;
				CLANG_WARN_RANGE_LOOP_ANALYSIS = YES;
				CLANG_WARN_STRICT_PROTOTYPES = YES;
				CLANG_WARN_SUSPICIOUS_MOVE = YES;
				CLANG_WARN_UNGUARDED_AVAILABILITY = YES_AGGRESSIVE;
				CLANG_WARN_UNREACHABLE_CODE = YES;
				CLANG_WARN__DUPLICATE_METHOD_MATCH = YES;
				COPY_PHASE_STRIP = NO;
				DEAD_CODE_STRIPPING = YES;
				DEBUG_INFORMATION_FORMAT = "dwarf-with-dsym";
				ENABLE_NS_ASSERTIONS = NO;
				ENABLE_STRICT_OBJC_MSGSEND = YES;
				ENABLE_USER_SCRIPT_SANDBOXING = YES;
				GCC_C_LANGUAGE_STANDARD = gnu17;
				GCC_NO_COMMON_BLOCKS = YES;
				GCC_WARN_64_TO_32_BIT_CONVERSION = YES;
				GCC_WARN_ABOUT_RETURN_TYPE = YES_ERROR;
				GCC_WARN_UNDECLARED_SELECTOR = YES;
				GCC_WARN_UNINITIALIZED_AUTOS = YES_AGGRESSIVE;
				GCC_WARN_UNUSED_FUNCTION = YES;
				GCC_WARN_UNUSED_VARIABLE = YES;
				LOCALIZATION_PREFERS_STRING_CATALOGS = YES;
				MTL_ENABLE_DEBUG_INFO = NO;
				MTL_FAST_MATH = YES;
				SWIFT_COMPILATION_MODE = wholemodule;
			};
			name = Release;
		};
		32756FF22B24C044006BDD24 /* Debug */ = {
			isa = XCBuildConfiguration;
			buildSettings = {
				ASSETCATALOG_COMPILER_APPICON_NAME = AppIcon;
				ASSETCATALOG_COMPILER_GLOBAL_ACCENT_COLOR_NAME = AccentColor;
				CODE_SIGN_ENTITLEMENTS = ExampleProjectIntegration/ExampleProjectIntegration.entitlements;
				CODE_SIGN_STYLE = Automatic;
				CURRENT_PROJECT_VERSION = 1;
				DEAD_CODE_STRIPPING = YES;
				DEVELOPMENT_ASSET_PATHS = "\"ExampleProjectIntegration/Preview Content\"";
				ENABLE_PREVIEWS = YES;
				GENERATE_INFOPLIST_FILE = YES;
				"INFOPLIST_KEY_UIApplicationSceneManifest_Generation[sdk=iphoneos*]" = YES;
				"INFOPLIST_KEY_UIApplicationSceneManifest_Generation[sdk=iphonesimulator*]" = YES;
				"INFOPLIST_KEY_UIApplicationSupportsIndirectInputEvents[sdk=iphoneos*]" = YES;
				"INFOPLIST_KEY_UIApplicationSupportsIndirectInputEvents[sdk=iphonesimulator*]" = YES;
				"INFOPLIST_KEY_UILaunchScreen_Generation[sdk=iphoneos*]" = YES;
				"INFOPLIST_KEY_UILaunchScreen_Generation[sdk=iphonesimulator*]" = YES;
				"INFOPLIST_KEY_UIStatusBarStyle[sdk=iphoneos*]" = UIStatusBarStyleDefault;
				"INFOPLIST_KEY_UIStatusBarStyle[sdk=iphonesimulator*]" = UIStatusBarStyleDefault;
				INFOPLIST_KEY_UISupportedInterfaceOrientations_iPad = "UIInterfaceOrientationPortrait UIInterfaceOrientationPortraitUpsideDown UIInterfaceOrientationLandscapeLeft UIInterfaceOrientationLandscapeRight";
				INFOPLIST_KEY_UISupportedInterfaceOrientations_iPhone = "UIInterfaceOrientationPortrait UIInterfaceOrientationLandscapeLeft UIInterfaceOrientationLandscapeRight";
				IPHONEOS_DEPLOYMENT_TARGET = 17.0;
				LD_RUNPATH_SEARCH_PATHS = "@executable_path/Frameworks";
				"LD_RUNPATH_SEARCH_PATHS[sdk=macosx*]" = "@executable_path/../Frameworks";
				MACOSX_DEPLOYMENT_TARGET = 14.0;
				MARKETING_VERSION = 1.0;
				PRODUCT_BUNDLE_IDENTIFIER = com.dfed.ExampleProjectIntegration;
				PRODUCT_NAME = "$(TARGET_NAME)";
				SDKROOT = auto;
				SUPPORTED_PLATFORMS = "iphoneos iphonesimulator macosx";
				SWIFT_EMIT_LOC_STRINGS = YES;
				SWIFT_VERSION = 5.0;
				TARGETED_DEVICE_FAMILY = "1,2";
			};
			name = Debug;
		};
		32756FF32B24C044006BDD24 /* Release */ = {
			isa = XCBuildConfiguration;
			buildSettings = {
				ASSETCATALOG_COMPILER_APPICON_NAME = AppIcon;
				ASSETCATALOG_COMPILER_GLOBAL_ACCENT_COLOR_NAME = AccentColor;
				CODE_SIGN_ENTITLEMENTS = ExampleProjectIntegration/ExampleProjectIntegration.entitlements;
				CODE_SIGN_STYLE = Automatic;
				CURRENT_PROJECT_VERSION = 1;
				DEAD_CODE_STRIPPING = YES;
				DEVELOPMENT_ASSET_PATHS = "\"ExampleProjectIntegration/Preview Content\"";
				ENABLE_PREVIEWS = YES;
				GENERATE_INFOPLIST_FILE = YES;
				"INFOPLIST_KEY_UIApplicationSceneManifest_Generation[sdk=iphoneos*]" = YES;
				"INFOPLIST_KEY_UIApplicationSceneManifest_Generation[sdk=iphonesimulator*]" = YES;
				"INFOPLIST_KEY_UIApplicationSupportsIndirectInputEvents[sdk=iphoneos*]" = YES;
				"INFOPLIST_KEY_UIApplicationSupportsIndirectInputEvents[sdk=iphonesimulator*]" = YES;
				"INFOPLIST_KEY_UILaunchScreen_Generation[sdk=iphoneos*]" = YES;
				"INFOPLIST_KEY_UILaunchScreen_Generation[sdk=iphonesimulator*]" = YES;
				"INFOPLIST_KEY_UIStatusBarStyle[sdk=iphoneos*]" = UIStatusBarStyleDefault;
				"INFOPLIST_KEY_UIStatusBarStyle[sdk=iphonesimulator*]" = UIStatusBarStyleDefault;
				INFOPLIST_KEY_UISupportedInterfaceOrientations_iPad = "UIInterfaceOrientationPortrait UIInterfaceOrientationPortraitUpsideDown UIInterfaceOrientationLandscapeLeft UIInterfaceOrientationLandscapeRight";
				INFOPLIST_KEY_UISupportedInterfaceOrientations_iPhone = "UIInterfaceOrientationPortrait UIInterfaceOrientationLandscapeLeft UIInterfaceOrientationLandscapeRight";
				IPHONEOS_DEPLOYMENT_TARGET = 17.0;
				LD_RUNPATH_SEARCH_PATHS = "@executable_path/Frameworks";
				"LD_RUNPATH_SEARCH_PATHS[sdk=macosx*]" = "@executable_path/../Frameworks";
				MACOSX_DEPLOYMENT_TARGET = 14.0;
				MARKETING_VERSION = 1.0;
				PRODUCT_BUNDLE_IDENTIFIER = com.dfed.ExampleProjectIntegration;
				PRODUCT_NAME = "$(TARGET_NAME)";
				SDKROOT = auto;
				SUPPORTED_PLATFORMS = "iphoneos iphonesimulator macosx";
				SWIFT_EMIT_LOC_STRINGS = YES;
				SWIFT_VERSION = 5.0;
				TARGETED_DEVICE_FAMILY = "1,2";
			};
			name = Release;
		};
/* End XCBuildConfiguration section */

/* Begin XCConfigurationList section */
		32756FDD2B24C042006BDD24 /* Build configuration list for PBXProject "ExampleProjectIntegration" */ = {
			isa = XCConfigurationList;
			buildConfigurations = (
				32756FEF2B24C044006BDD24 /* Debug */,
				32756FF02B24C044006BDD24 /* Release */,
			);
			defaultConfigurationIsVisible = 0;
			defaultConfigurationName = Release;
		};
		32756FF12B24C044006BDD24 /* Build configuration list for PBXNativeTarget "ExampleProjectIntegration" */ = {
			isa = XCConfigurationList;
			buildConfigurations = (
				32756FF22B24C044006BDD24 /* Debug */,
				32756FF32B24C044006BDD24 /* Release */,
			);
			defaultConfigurationIsVisible = 0;
			defaultConfigurationName = Release;
		};
/* End XCConfigurationList section */

/* Begin XCRemoteSwiftPackageReference section */
		321042512B2533ED0088785D /* XCRemoteSwiftPackageReference "SafeDI" */ = {
			isa = XCRemoteSwiftPackageReference;
			repositoryURL = "https://github.com/dfed/SafeDI";
			requirement = {
				branch = main;
				kind = branch;
			};
		};
/* End XCRemoteSwiftPackageReference section */

/* Begin XCSwiftPackageProductDependency section */
		321042542B2533F30088785D /* SafeDIGenerator */ = {
			isa = XCSwiftPackageProductDependency;
			package = 321042512B2533ED0088785D /* XCRemoteSwiftPackageReference "SafeDI" */;
			productName = "plugin:SafeDIGenerator";
		};
		32B280A22B28176D00A33FED /* SafeDI */ = {
			isa = XCSwiftPackageProductDependency;
			package = 321042512B2533ED0088785D /* XCRemoteSwiftPackageReference "SafeDI" */;
			productName = SafeDI;
		};
/* End XCSwiftPackageProductDependency section */
	};
	rootObject = 32756FDA2B24C042006BDD24 /* Project object */;
}
