{
  "originHash" : "dc3bea121a5b98d056df3ebf34bb4af99009b01c1aea8c1805be9c40a6eed750",
  "pins" : [
    {
      "identity" : "jjliso8601dateformatter",
      "kind" : "remoteSourceControl",
      "location" : "https://github.com/michaeleisel/JJLISO8601DateFormatter",
      "state" : {
        "revision" : "741a9e45db01148a8ac60c5e12f7c978181a22d3",
        "version" : "0.1.8"
      }
    },
    {
      "identity" : "swift-argument-parser",
      "kind" : "remoteSourceControl",
      "location" : "https://github.com/apple/swift-argument-parser.git",
      "state" : {
        "revision" : "41982a3656a71c768319979febd796c6fd111d5c",
        "version" : "1.5.0"
      }
    },
    {
      "identity" : "swift-collections",
      "kind" : "remoteSourceControl",
      "location" : "https://github.com/apple/swift-collections.git",
      "state" : {
        "revision" : "3d2dc41a01f9e49d84f0a3925fb858bed64f702d",
        "version" : "1.1.2"
      }
    },
    {
      "identity" : "swift-macro-testing",
      "kind" : "remoteSourceControl",
      "location" : "https://github.com/pointfreeco/swift-macro-testing.git",
      "state" : {
        "revision" : "a35257b7e9ce44e92636447003a8eeefb77b145c",
        "version" : "0.5.1"
      }
    },
    {
      "identity" : "swift-snapshot-testing",
      "kind" : "remoteSourceControl",
      "location" : "https://github.com/pointfreeco/swift-snapshot-testing",
      "state" : {
        "revision" : "e883fc9ea51e76dc9ed13fd4a92b0ee258a1e8c9",
        "version" : "1.17.3"
      }
    },
    {
      "identity" : "swift-syntax",
      "kind" : "remoteSourceControl",
      "location" : "https://github.com/swiftlang/swift-syntax.git",
      "state" : {
        "revision" : "2bc86522d115234d1f588efe2bcb4ce4be8f8b82",
        "version" : "510.0.3"
      }
    },
    {
      "identity" : "zippyjson",
      "kind" : "remoteSourceControl",
      "location" : "https://github.com/michaeleisel/ZippyJSON.git",
      "state" : {
        "revision" : "ddbbc024ba5a826f9676035a0a090a0bc2d40755",
        "version" : "1.2.15"
      }
    },
    {
      "identity" : "zippyjsoncfamily",
      "kind" : "remoteSourceControl",
      "location" : "https://github.com/michaeleisel/ZippyJSONCFamily",
      "state" : {
        "revision" : "c1c0f88977359ea85b81e128b2d988e8250dfdae",
        "version" : "1.2.14"
      }
    }
  ],
  "version" : 3
}
