{
  "originHash" : "59e87ad67b40e34bea3a59195f023f3d07a79bca708fbceebf501ceecd435139",
  "pins" : [
    {
      "identity" : "safedi",
      "kind" : "remoteSourceControl",
      "location" : "https://github.com/dfed/SafeDI.git",
      "state" : {
        "revision" : "9bfb656b3b4f7ef5a1e4b6869b3bec0f6e8cce11",
        "version" : "2.0.0-rc-1"
      }
    },
    {
      "identity" : "swift-argument-parser",
      "kind" : "remoteSourceControl",
      "location" : "https://github.com/apple/swift-argument-parser.git",
      "state" : {
        "revision" : "626b5b7b2f45e1b0b1c6f4a309296d1d21d7311b",
        "version" : "1.7.1"
      }
    },
    {
      "identity" : "swift-syntax",
      "kind" : "remoteSourceControl",
      "location" : "https://github.com/swiftlang/swift-syntax.git",
      "state" : {
        "revision" : "9de99a78f099e59caf2b2beec65a4c45d54b2081",
        "version" : "603.0.1"
      }
    }
  ],
  "version" : 3
}
