{
  "originHash" : "4f0641dc90cce4a7f0aaeec52edc677efa38a02c151915e0818c006ca41bc297",
  "pins" : [
    {
      "identity" : "safedi",
      "kind" : "remoteSourceControl",
      "location" : "https://github.com/dfed/SafeDI.git",
      "state" : {
        "revision" : "b0ff42addf936d7a3455092b639c3c0a372210d7",
        "version" : "2.0.0-rc-2"
      }
    },
    {
      "identity" : "swift-argument-parser",
      "kind" : "remoteSourceControl",
      "location" : "https://github.com/apple/swift-argument-parser.git",
      "state" : {
        "revision" : "626b5b7b2f45e1b0b1c6f4a309296d1d21d7311b",
        "version" : "1.7.1"
      }
    },
    {
      "identity" : "swift-syntax",
      "kind" : "remoteSourceControl",
      "location" : "https://github.com/swiftlang/swift-syntax.git",
      "state" : {
        "revision" : "9de99a78f099e59caf2b2beec65a4c45d54b2081",
        "version" : "603.0.1"
      }
    }
  ],
  "version" : 3
}
