{
  "originHash" : "778398d65217a54242e3844eb5498f0b6a79ad7bac097ce3455076666607a7cc",
  "pins" : [
    {
      "identity" : "safedi",
      "kind" : "remoteSourceControl",
      "location" : "https://github.com/dfed/SafeDI.git",
      "state" : {
        "revision" : "16d6b933dc28d9e9bd8906a16b99f7585199a5f5",
        "version" : "1.2.0-rc-6"
      }
    },
    {
      "identity" : "swift-argument-parser",
      "kind" : "remoteSourceControl",
      "location" : "https://github.com/apple/swift-argument-parser.git",
      "state" : {
        "revision" : "011f0c765fb46d9cac61bca19be0527e99c98c8b",
        "version" : "1.5.1"
      }
    },
    {
      "identity" : "swift-collections",
      "kind" : "remoteSourceControl",
      "location" : "https://github.com/apple/swift-collections.git",
      "state" : {
        "revision" : "c1805596154bb3a265fd91b8ac0c4433b4348fb0",
        "version" : "1.2.0"
      }
    },
    {
      "identity" : "swift-syntax",
      "kind" : "remoteSourceControl",
      "location" : "https://github.com/swiftlang/swift-syntax.git",
      "state" : {
        "revision" : "0687f71944021d616d34d922343dcef086855920",
        "version" : "600.0.1"
      }
    }
  ],
  "version" : 3
}
