{
  "originHash" : "7b3ac3fd33b61cf26442389402eaff2554bbc25dc6793949b8a9e010cb84433c",
  "pins" : [
    {
      "identity" : "safedi",
      "kind" : "remoteSourceControl",
      "location" : "https://github.com/dfed/SafeDI.git",
      "state" : {
        "revision" : "b5c6667f86c11b5add0adf66dde90e29ae944459",
        "version" : "1.2.0-rc-5"
      }
    },
    {
      "identity" : "swift-argument-parser",
      "kind" : "remoteSourceControl",
      "location" : "https://github.com/apple/swift-argument-parser.git",
      "state" : {
        "revision" : "011f0c765fb46d9cac61bca19be0527e99c98c8b",
        "version" : "1.5.1"
      }
    },
    {
      "identity" : "swift-collections",
      "kind" : "remoteSourceControl",
      "location" : "https://github.com/apple/swift-collections.git",
      "state" : {
        "revision" : "c1805596154bb3a265fd91b8ac0c4433b4348fb0",
        "version" : "1.2.0"
      }
    },
    {
      "identity" : "swift-syntax",
      "kind" : "remoteSourceControl",
      "location" : "https://github.com/swiftlang/swift-syntax.git",
      "state" : {
        "revision" : "0687f71944021d616d34d922343dcef086855920",
        "version" : "600.0.1"
      }
    }
  ],
  "version" : 3
}
