{
  "originHash" : "b043e9190ddd3045375d40ccb608edf659c48e3b9f8e2ee40cc489c8ec3f496d",
  "pins" : [
    {
      "identity" : "swiftformat",
      "kind" : "remoteSourceControl",
      "location" : "https://github.com/nicklockwood/SwiftFormat",
      "state" : {
        "revision" : "4e92b81311f528cfdca8015d629c650d0aff94ce",
        "version" : "0.55.4"
      }
    }
  ],
  "version" : 3
}
