{
  "originHash" : "790e76fdbbd629679e2e6f8bf5cf83a28a83c63c2b2ce42872a6a2120ff0b895",
  "pins" : [
    {
      "identity" : "swiftformat",
      "kind" : "remoteSourceControl",
      "location" : "https://github.com/nicklockwood/SwiftFormat",
      "state" : {
        "revision" : "c8e50ff2cfc2eab46246c072a9ae25ab656c6ec3",
        "version" : "0.60.1"
      }
    }
  ],
  "version" : 3
}
