{
  "originHash" : "def16a3b3824702b1335e832aead6f3b3d9a533438e56cf66e53483b67414cf7",
  "pins" : [
    {
      "identity" : "swiftformat",
      "kind" : "remoteSourceControl",
      "location" : "https://github.com/nicklockwood/SwiftFormat",
      "state" : {
        "revision" : "6ebb96ce454ddb036320104a1160350ee9581767",
        "version" : "0.56.4"
      }
    }
  ],
  "version" : 3
}
